<?xml version="1.0" encoding="utf-8"?>
<Project ToolsVersion="4.0" xmlns="http://schemas.microsoft.com/developer/msbuild/2003">
  <ItemGroup>
    <Filter Include="Source Files">
      <UniqueIdentifier>{4FC737F1-C7A5-4376-A066-2A32D752A2FF}</UniqueIdentifier>
      <Extensions>cpp;c;cc;cxx;c++;def;odl;idl;hpj;bat;asm;asmx</Extensions>
    </Filter>
    <Filter Include="Header Files">
      <UniqueIdentifier>{93995380-89BD-4b04-88EB-625FBE52EBFB}</UniqueIdentifier>
      <Extensions>h;hh;hpp;hxx;h++;hm;inl;inc;ipp;xsd</Extensions>
    </Filter>
    <Filter Include="Resource Files">
      <UniqueIdentifier>{67DA6AB6-F800-4c08-8B7A-83BB121AAD01}</UniqueIdentifier>
      <Extensions>rc;ico;cur;bmp;dlg;rc2;rct;bin;rgs;gif;jpg;jpeg;jpe;resx;tiff;tif;png;wav;mfcribbon-ms</Extensions>
    </Filter>
    <Filter Include="Resource Files\Audio">
      <UniqueIdentifier>{444045d4-5ec5-43d1-b36e-b5cf293d9170}</UniqueIdentifier>
    </Filter>
  </ItemGroup>
  <ItemGroup>
    <ClCompile Include="main.cpp">
      <Filter>Source Files</Filter>
    </ClCompile>
    <ClCompile Include="Snake.cpp">
      <Filter>Source Files</Filter>
    </ClCompile>
    <ClCompile Include="SnakeSegment.cpp">
      <Filter>Source Files</Filter>
    </ClCompile>
    <ClCompile Include="CookieManager.cpp">
      <Filter>Source Files</Filter>
    </ClCompile>
    <ClCompile Include="ConfigParser.cpp">
      <Filter>Source Files</Filter>
    </ClCompile>
    <ClCompile Include="Helper.cpp">
      <Filter>Source Files</Filter>
    </ClCompile>
  </ItemGroup>
  <ItemGroup>
    <ClInclude Include="Snake.h">
      <Filter>Header Files</Filter>
    </ClInclude>
    <ClInclude Include="SnakeSegment.h">
      <Filter>Header Files</Filter>
    </ClInclude>
    <ClInclude Include="CookieManager.h">
      <Filter>Header Files</Filter>
    </ClInclude>
    <ClInclude Include="ConfigParser.h">
      <Filter>Header Files</Filter>
    </ClInclude>
    <ClInclude Include="Helper.h">
      <Filter>Header Files</Filter>
    </ClInclude>
  </ItemGroup>
  <ItemGroup>
    <Media Include="Audio\Nuttöö1.wav">
      <Filter>Resource Files\Audio</Filter>
    </Media>
    <Media Include="Audio\Nuttöö2.wav">
      <Filter>Resource Files\Audio</Filter>
    </Media>
    <Media Include="Audio\Nuttöö3.wav">
      <Filter>Resource Files\Audio</Filter>
    </Media>
    <Media Include="Audio\Nuttöö4.wav">
      <Filter>Resource Files\Audio</Filter>
    </Media>
    <Media Include="Audio\Nuttöö5.wav">
      <Filter>Resource Files\Audio</Filter>
    </Media>
    <Media Include="Audio\Nuttöö6.wav">
      <Filter>Resource Files\Audio</Filter>
    </Media>
    <Media Include="Audio\Nuttöö7.wav">
      <Filter>Resource Files\Audio</Filter>
    </Media>
    <Media Include="Audio\Nuttöö8.wav">
      <Filter>Resource Files\Audio</Filter>
    </Media>
    <Media Include="Audio\Nuttöö9.wav">
      <Filter>Resource Files\Audio</Filter>
    </Media>
    <Media Include="Audio\Nuttöö10.wav">
      <Filter>Resource Files\Audio</Filter>
    </Media>
    <Media Include="Audio\Nuttöö11.wav">
      <Filter>Resource Files\Audio</Filter>
    </Media>
    <Media Include="Audio\Nuttöö12.wav">
      <Filter>Resource Files\Audio</Filter>
    </Media>
    <Media Include="Audio\Nuttöö13.wav">
      <Filter>Resource Files\Audio</Filter>
    </Media>
    <Media Include="Audio\Nuttöö14.wav">
      <Filter>Resource Files\Audio</Filter>
    </Media>
    <Media Include="Audio\Nuttöö15.wav">
      <Filter>Resource Files\Audio</Filter>
    </Media>
  </ItemGroup>
  <ItemGroup>
    <Text Include="settings.txt">
      <Filter>Resource Files</Filter>
    </Text>
  </ItemGroup>
</Project>